<?xml version="1.0" encoding="utf-8"?>
<Project ToolsVersion="4.0" xmlns="http://schemas.microsoft.com/developer/msbuild/2003">
  <ItemGroup>
    <Filter Include="Source Files">
      <UniqueIdentifier>{4FC737F1-C7A5-4376-A066-2A32D752A2FF}</UniqueIdentifier>
      <Extensions>cpp;c;cc;cxx;c++;cppm;ixx;def;odl;idl;hpj;bat;asm;asmx</Extensions>
    </Filter>
    <Filter Include="Header Files">
      <UniqueIdentifier>{93995380-89BD-4b04-88EB-625FBE52EBFB}</UniqueIdentifier>
      <Extensions>h;hh;hpp;hxx;h++;hm;inl;inc;ipp;xsd</Extensions>
    </Filter>
    <Filter Include="Resource Files">
      <UniqueIdentifier>{67DA6AB6-F800-4c08-8B7A-83BB121AAD01}</UniqueIdentifier>
      <Extensions>rc;ico;cur;bmp;dlg;rc2;rct;bin;rgs;gif;jpg;jpeg;jpe;resx;tiff;tif;png;wav;mfcribbon-ms</Extensions>
    </Filter>
    <Filter Include="Header Files\Core">
      <UniqueIdentifier>{885d442b-d5b6-4b8b-9917-f53b7198ed50}</UniqueIdentifier>
    </Filter>
    <Filter Include="Source Files\Core">
      <UniqueIdentifier>{093270ac-7f5f-4115-9b96-ed933764cf32}</UniqueIdentifier>
    </Filter>
    <Filter Include="Header Files\Tetris">
      <UniqueIdentifier>{d84bfc81-57cf-4a57-9c87-d4e30b3f1104}</UniqueIdentifier>
    </Filter>
    <Filter Include="Source Files\Tetris">
      <UniqueIdentifier>{e39d65ba-e576-4d7c-a663-e70c1211010c}</UniqueIdentifier>
    </Filter>
    <Filter Include="Header Files\Tetris\Blocks">
      <UniqueIdentifier>{abf87c9a-bb02-4c2a-9465-c075ba0e229d}</UniqueIdentifier>
    </Filter>
    <Filter Include="Source Files\Tetris\Blocks">
      <UniqueIdentifier>{f96e2249-40d3-492a-95d5-0ef51bbc2dce}</UniqueIdentifier>
    </Filter>
  </ItemGroup>
  <ItemGroup>
    <ClCompile Include="main.cpp">
      <Filter>Source Files</Filter>
    </ClCompile>
    <ClCompile Include="Engine.cpp">
      <Filter>Source Files\Core</Filter>
    </ClCompile>
    <ClCompile Include="PaintDevice.cpp">
      <Filter>Source Files\Core</Filter>
    </ClCompile>
    <ClCompile Include="Size.cpp">
      <Filter>Source Files\Core</Filter>
    </ClCompile>
    <ClCompile Include="Square.cpp">
      <Filter>Source Files\Core</Filter>
    </ClCompile>
    <ClCompile Include="Vector2.cpp">
      <Filter>Source Files\Core</Filter>
    </ClCompile>
    <ClCompile Include="Tetris.cpp">
      <Filter>Source Files\Tetris</Filter>
    </ClCompile>
    <ClCompile Include="GameField.cpp">
      <Filter>Source Files\Tetris</Filter>
    </ClCompile>
    <ClCompile Include="Figure.cpp">
      <Filter>Source Files\Tetris</Filter>
    </ClCompile>
    <ClCompile Include="SymbolSet.h">
      <Filter>Header Files\Tetris</Filter>
    </ClCompile>
    <ClCompile Include="IBlock.cpp">
      <Filter>Source Files\Tetris\Blocks</Filter>
    </ClCompile>
    <ClCompile Include="JBlock.cpp">
      <Filter>Source Files\Tetris\Blocks</Filter>
    </ClCompile>
    <ClCompile Include="LBlock.cpp">
      <Filter>Source Files\Tetris\Blocks</Filter>
    </ClCompile>
    <ClCompile Include="OBlock.cpp">
      <Filter>Source Files\Tetris\Blocks</Filter>
    </ClCompile>
    <ClCompile Include="SBlock.cpp">
      <Filter>Source Files\Tetris\Blocks</Filter>
    </ClCompile>
    <ClCompile Include="TBlock.cpp">
      <Filter>Source Files\Tetris\Blocks</Filter>
    </ClCompile>
    <ClCompile Include="ZBlock.cpp">
      <Filter>Source Files\Tetris\Blocks</Filter>
    </ClCompile>
    <ClCompile Include="BlockFactory.cpp">
      <Filter>Source Files\Tetris</Filter>
    </ClCompile>
  </ItemGroup>
  <ItemGroup>
    <ClInclude Include="Engine.h">
      <Filter>Header Files\Core</Filter>
    </ClInclude>
    <ClInclude Include="PaintDevice.h">
      <Filter>Header Files\Core</Filter>
    </ClInclude>
    <ClInclude Include="Size.h">
      <Filter>Header Files\Core</Filter>
    </ClInclude>
    <ClInclude Include="Square.h">
      <Filter>Header Files\Core</Filter>
    </ClInclude>
    <ClInclude Include="Vector2.h">
      <Filter>Header Files\Core</Filter>
    </ClInclude>
    <ClInclude Include="Tetris.h">
      <Filter>Header Files\Tetris</Filter>
    </ClInclude>
    <ClInclude Include="GameField.h">
      <Filter>Header Files\Tetris</Filter>
    </ClInclude>
    <ClInclude Include="Figure.h">
      <Filter>Header Files\Tetris</Filter>
    </ClInclude>
    <ClInclude Include="Colors.h">
      <Filter>Header Files\Tetris</Filter>
    </ClInclude>
    <ClInclude Include="IBlock.h">
      <Filter>Header Files\Tetris\Blocks</Filter>
    </ClInclude>
    <ClInclude Include="JBlock.h">
      <Filter>Header Files\Tetris\Blocks</Filter>
    </ClInclude>
    <ClInclude Include="LBlock.h">
      <Filter>Header Files\Tetris\Blocks</Filter>
    </ClInclude>
    <ClInclude Include="OBlock.h">
      <Filter>Header Files\Tetris\Blocks</Filter>
    </ClInclude>
    <ClInclude Include="SBlock.h">
      <Filter>Header Files\Tetris\Blocks</Filter>
    </ClInclude>
    <ClInclude Include="TBlock.h">
      <Filter>Header Files\Tetris\Blocks</Filter>
    </ClInclude>
    <ClInclude Include="ZBlock.h">
      <Filter>Header Files\Tetris\Blocks</Filter>
    </ClInclude>
    <ClInclude Include="BlockFactory.h">
      <Filter>Header Files\Tetris</Filter>
    </ClInclude>
  </ItemGroup>
</Project>